PODS:
  - AFNetworking (3.1.0):
    - AFNetworking/NSURLSession (= 3.1.0)
    - AFNetworking/Reachability (= 3.1.0)
    - AFNetworking/Security (= 3.1.0)
    - AFNetworking/Serialization (= 3.1.0)
    - AFNetworking/UIKit (= 3.1.0)
  - AFNetworking/NSURLSession (3.1.0):
    - AFNetworking/Reachability
    - AFNetworking/Security
    - AFNetworking/Serialization
  - AFNetworking/Reachability (3.1.0)
  - AFNetworking/Security (3.1.0)
  - AFNetworking/Serialization (3.1.0)
  - AFNetworking/UIKit (3.1.0):
    - AFNetworking/NSURLSession
  - Appirater (2.0.5)
  - BBBadgeBarButtonItem (1.2)
  - DACircularProgress (2.3.1)
  - DIDatepicker (0.1)
  - Google/Analytics (2.0.3):
    - Google/Core
    - GoogleAnalytics (~> 3.12)
  - Google/Core (2.0.3):
    - GoogleInterchangeUtilities (~> 1.0)
    - GoogleNetworkingUtilities (~> 1.0)
    - GoogleSymbolUtilities (~> 1.0)
    - GoogleUtilities (~> 1.1)
  - GoogleAnalytics (3.14.0)
  - GoogleAPIClient/Core (1.0.3):
    - GTMSessionFetcher (~> 1.1)
  - GoogleInterchangeUtilities (1.2.0):
    - GoogleSymbolUtilities (~> 1.0)
  - GoogleMaps (1.13.0)
  - GoogleNetworkingUtilities (1.2.0):
    - GoogleSymbolUtilities (~> 1.0)
  - GoogleSymbolUtilities (1.1.0)
  - GoogleUtilities (1.2.0):
    - GoogleSymbolUtilities (~> 1.0)
  - GTMOAuth2 (1.1.1):
    - GTMSessionFetcher (~> 1.1)
  - GTMSessionFetcher (1.1.3):
    - GTMSessionFetcher/Full (= 1.1.3)
  - GTMSessionFetcher/Core (1.1.3)
  - GTMSessionFetcher/Full (1.1.3):
    - GTMSessionFetcher/Core (= 1.1.3)
  - libPhoneNumber-iOS (0.8.11)
  - Mantle (2.0.6):
    - Mantle/extobjc (= 2.0.6)
  - Mantle/extobjc (2.0.6)
  - MBProgressHUD (0.9.2)
  - MWPhotoBrowser (2.1.1):
    - DACircularProgress (~> 2.3)
    - MBProgressHUD (~> 0.9)
    - SDWebImage (!= 3.7.2, ~> 3.7)
  - pop (1.0.9)
  - Realm (0.98.6):
    - Realm/Headers (= 0.98.6)
  - Realm/Headers (0.98.6)
  - RMPZoomTransitionAnimator (1.0.2)
  - SDWebImage (3.7.5):
    - SDWebImage/Core (= 3.7.5)
  - SDWebImage/Core (3.7.5)
  - SLExpandableTableView (1.3.1)
  - SVPullToRefresh (0.4.1)
  - XLForm (3.0.2)

DEPENDENCIES:
  - AFNetworking
  - Appirater
  - BBBadgeBarButtonItem
  - DIDatepicker
  - Google/Analytics
  - GoogleAPIClient/Core (~> 1.0.2)
  - GoogleMaps
  - GTMOAuth2 (~> 1.1.0)
  - libPhoneNumber-iOS (~> 0.8)
  - Mantle
  - MWPhotoBrowser
  - pop
  - Realm
  - RMPZoomTransitionAnimator
  - SDWebImage (~> 3.7)
  - SLExpandableTableView
  - SVPullToRefresh
  - XLForm (~> 3.0.0)

SPEC CHECKSUMS:
  AFNetworking: 5e0e199f73d8626b11e79750991f5d173d1f8b67
  Appirater: e7c0a47fb67ee5041ce8479e6ba960927fb40264
  BBBadgeBarButtonItem: c2fbca0bff18e21b70defc9438a8a5048008e7ca
  DACircularProgress: 4dd437c0fc3da5161cb289e07ac449493d41db71
  DIDatepicker: c990ce1cdc8a6169cf7eb6369cd97604864eed27
  Google: 61379f0072bc561a7e174d23a6cbe41bd6d8599c
  GoogleAnalytics: 9be1afdb8deeac4bb5f13ca7f7d3b9db2a1f43dc
  GoogleAPIClient: 06a32889d31c0f1c9ae528e31139ec3680b25e0d
  GoogleInterchangeUtilities: 427382e42d8a340038bec37c6fdfd316e14b5fa2
  GoogleMaps: 7a6caeb8336d7cb42982e969fc9b1b20a889fe79
  GoogleNetworkingUtilities: ec1e9911aca811eb18b7144394fee6168b607785
  GoogleSymbolUtilities: eb3965ea12710569c7b80db198a39e39b18613f7
  GoogleUtilities: 85f8ad6b251544286a97163133d042ec95f889c5
  GTMOAuth2: bdb12f3e0d2110bfe585f6151230b883beb4d042
  GTMSessionFetcher: 86678550b1b2862b0df62e693a177c916debd7d2
  libPhoneNumber-iOS: ded33fab2c51ee847979556aa504c9e70f32d703
  Mantle: 299966b00759634931699f69cb6a30b9239b944d
  MBProgressHUD: 1569cf7ace17a8bac47aabfbb8580a49690386d1
  MWPhotoBrowser: ba0d0c09ffda3a7ea10093518738c502c1c7141c
  pop: f667631a5108a2e60d9e8797c9b32ddaf2080bce
  Realm: 44803f35418c5d89b27825a564247fcd190de37e
  RMPZoomTransitionAnimator: fa1a0726e8e227069d9d63d30ef403aa12323960
  SDWebImage: 69c6303e3348fba97e03f65d65d4fbc26740f461
  SLExpandableTableView: ff63a4bb4b71c6c3ae2b7cb1cde6a36c1645f23c
  SVPullToRefresh: ba2e718695a43253d8bea6852d2960097dc15d8c
  XLForm: 7817ce29f3f259186e837bb7309ac7e5b7e9b883

COCOAPODS: 0.39.0
